
Microsoft Visual Studio Solution File, Format Version 12.00
# Visual Studio Version 16
VisualStudioVersion = 16.0.29424.173
MinimumVisualStudioVersion = 10.0.40219.1
Project("{FAE04EC0-301F-11D3-BF4B-00C04F79EFBC}") = "TechRoulette", "TechRoulette\TechRoulette.csproj", "{3893FB21-AF2A-4E93-A854-D7475634EF17}"
EndProject
Global
	GlobalSection(SolutionConfigurationPlatforms) = preSolution
		Debug|Any CPU = Debug|Any CPU
		Release|Any CPU = Release|Any CPU
	EndGlobalSection
	GlobalSection(ProjectConfigurationPlatforms) = postSolution
		{3893FB21-AF2A-4E93-A854-D7475634EF17}.Debug|Any CPU.ActiveCfg = Debug|Any CPU
		{3893FB21-AF2A-4E93-A854-D7475634EF17}.Debug|Any CPU.Build.0 = Debug|Any CPU
		{3893FB21-AF2A-4E93-A854-D7475634EF17}.Release|Any CPU.ActiveCfg = Release|Any CPU
		{3893FB21-AF2A-4E93-A854-D7475634EF17}.Release|Any CPU.Build.0 = Release|Any CPU
	EndGlobalSection
	GlobalSection(SolutionProperties) = preSolution
		HideSolutionNode = FALSE
	EndGlobalSection
	GlobalSection(ExtensibilityGlobals) = postSolution
		SolutionGuid = {37A129D3-1B42-4018-A8FD-BAFAA03BF69B}
	EndGlobalSection
EndGlobal
